
Microsoft Visual Studio Solution File, Format Version 12.00
# Visual Studio Version 17
VisualStudioVersion = 17.4.33205.214
MinimumVisualStudioVersion = 10.0.40219.1
Project("{FAE04EC0-301F-11D3-BF4B-00C04F79EFBC}") = "KillForHeal", "KillForHeal.csproj", "{640B5A5B-B0A5-4F33-B74E-505DD49A0E8E}"
EndProject
Global
	GlobalSection(SolutionConfigurationPlatforms) = preSolution
		Debug|Any CPU = Debug|Any CPU
		Release|Any CPU = Release|Any CPU
	EndGlobalSection
	GlobalSection(ProjectConfigurationPlatforms) = postSolution
		{640B5A5B-B0A5-4F33-B74E-505DD49A0E8E}.Debug|Any CPU.ActiveCfg = Debug|Any CPU
		{640B5A5B-B0A5-4F33-B74E-505DD49A0E8E}.Debug|Any CPU.Build.0 = Debug|Any CPU
		{640B5A5B-B0A5-4F33-B74E-505DD49A0E8E}.Release|Any CPU.ActiveCfg = Release|Any CPU
		{640B5A5B-B0A5-4F33-B74E-505DD49A0E8E}.Release|Any CPU.Build.0 = Release|Any CPU
	EndGlobalSection
	GlobalSection(SolutionProperties) = preSolution
		HideSolutionNode = FALSE
	EndGlobalSection
	GlobalSection(ExtensibilityGlobals) = postSolution
		SolutionGuid = {8144972C-9822-42D5-A15B-BA7E585B5DF6}
	EndGlobalSection
EndGlobal
